
Microsoft Visual Studio Solution File, Format Version 12.00
# Visual Studio Version 16
VisualStudioVersion = 16.0.30309.148
MinimumVisualStudioVersion = 10.0.40219.1
Project("{FAE04EC0-301F-11D3-BF4B-00C04F79EFBC}") = "Zoom Auto-Join", "Zoom Auto-Join\Zoom Auto-Join.csproj", "{938E56B8-EF08-4E6C-AE17-96EF03E0C9FA}"
EndProject
Global
	GlobalSection(SolutionConfigurationPlatforms) = preSolution
		Debug|Any CPU = Debug|Any CPU
		Release|Any CPU = Release|Any CPU
	EndGlobalSection
	GlobalSection(ProjectConfigurationPlatforms) = postSolution
		{938E56B8-EF08-4E6C-AE17-96EF03E0C9FA}.Debug|Any CPU.ActiveCfg = Debug|Any CPU
		{938E56B8-EF08-4E6C-AE17-96EF03E0C9FA}.Debug|Any CPU.Build.0 = Debug|Any CPU
		{938E56B8-EF08-4E6C-AE17-96EF03E0C9FA}.Release|Any CPU.ActiveCfg = Release|Any CPU
		{938E56B8-EF08-4E6C-AE17-96EF03E0C9FA}.Release|Any CPU.Build.0 = Release|Any CPU
	EndGlobalSection
	GlobalSection(SolutionProperties) = preSolution
		HideSolutionNode = FALSE
	EndGlobalSection
	GlobalSection(ExtensibilityGlobals) = postSolution
		SolutionGuid = {56ADD7A9-EA1F-4891-A8DD-5B4F1481CBF2}
	EndGlobalSection
EndGlobal
